
Microsoft Visual Studio Solution File, Format Version 12.00
# Visual Studio Version 17
VisualStudioVersion = 17.0.32014.148
MinimumVisualStudioVersion = 10.0.40219.1
Project("{FAE04EC0-301F-11D3-BF4B-00C04F79EFBC}") = "StudentMVCScaffold2", "StudentMVCScaffold2\StudentMVCScaffold2.csproj", "{EB4BD220-94DE-48B1-A2FE-AAF3A510B8AF}"
EndProject
Global
	GlobalSection(SolutionConfigurationPlatforms) = preSolution
		Debug|Any CPU = Debug|Any CPU
		Release|Any CPU = Release|Any CPU
	EndGlobalSection
	GlobalSection(ProjectConfigurationPlatforms) = postSolution
		{EB4BD220-94DE-48B1-A2FE-AAF3A510B8AF}.Debug|Any CPU.ActiveCfg = Debug|Any CPU
		{EB4BD220-94DE-48B1-A2FE-AAF3A510B8AF}.Debug|Any CPU.Build.0 = Debug|Any CPU
		{EB4BD220-94DE-48B1-A2FE-AAF3A510B8AF}.Release|Any CPU.ActiveCfg = Release|Any CPU
		{EB4BD220-94DE-48B1-A2FE-AAF3A510B8AF}.Release|Any CPU.Build.0 = Release|Any CPU
	EndGlobalSection
	GlobalSection(SolutionProperties) = preSolution
		HideSolutionNode = FALSE
	EndGlobalSection
	GlobalSection(ExtensibilityGlobals) = postSolution
		SolutionGuid = {CD7316B3-8216-40DF-955F-47A917E3ECA2}
	EndGlobalSection
EndGlobal
